{
  "requires": true,
  "lockfileVersion": 1,
  "dependencies": {
    "@types/node": {
      "version": "14.14.41",
      "resolved": "https://registry.npmjs.org/@types/node/-/node-14.14.41.tgz",
      "integrity": "sha512-dueRKfaJL4RTtSa7bWeTK1M+VH+Gns73oCgzvYfHZywRCoPSd8EkXBL0mZ9unPTveBn+D9phZBaxuzpwjWkW0g=="
    },
    "@types/npm": {
      "version": "2.0.31",
      "resolved": "https://registry.npmjs.org/@types/npm/-/npm-2.0.31.tgz",
      "integrity": "sha512-v4JpUx83wVGItleYsnYeZrM8NTLSnYDfTE/iGm4owy6zZPNFNmnsvvrxiYtG3cVHt/XutzTjUBQ9Bh8bnvEkCw==",
      "requires": {
        "@types/node": "*"
      }
    }
  }
}
